// !$*UTF8*$!
{
	archiveVersion = 1;
	classes = {
	};
	objectVersion = 55;
	objects = {

/* Begin PBXBuildFile section */
		6D5D6DD7280DC244002E2613 /* AppDelegate.swift in Sources */ = {isa = PBXBuildFile; fileRef = 6D5D6DD6280DC244002E2613 /* AppDelegate.swift */; };
		6D5D6DD9280DC244002E2613 /* SceneDelegate.swift in Sources */ = {isa = PBXBuildFile; fileRef = 6D5D6DD8280DC244002E2613 /* SceneDelegate.swift */; };
		6D5D6DDB280DC244002E2613 /* ViewController.swift in Sources */ = {isa = PBXBuildFile; fileRef = 6D5D6DDA280DC244002E2613 /* ViewController.swift */; };
		6D5D6DDE280DC244002E2613 /* Main.storyboard in Resources */ = {isa = PBXBuildFile; fileRef = 6D5D6DDC280DC244002E2613 /* Main.storyboard */; };
		6D5D6DE0280DC249002E2613 /* Assets.xcassets in Resources */ = {isa = PBXBuildFile; fileRef = 6D5D6DDF280DC249002E2613 /* Assets.xcassets */; };
		6D5D6DE3280DC249002E2613 /* LaunchScreen.storyboard in Resources */ = {isa = PBXBuildFile; fileRef = 6D5D6DE1280DC249002E2613 /* LaunchScreen.storyboard */; };
		6D5D6DEC280DC6E5002E2613 /* FirebaseAuth in Frameworks */ = {isa = PBXBuildFile; productRef = 6D5D6DEB280DC6E5002E2613 /* FirebaseAuth */; };
		6D5D6DEE280DC6E5002E2613 /* FirebaseFirestore in Frameworks */ = {isa = PBXBuildFile; productRef = 6D5D6DED280DC6E5002E2613 /* FirebaseFirestore */; };
		6D5D6DF0280DC6E5002E2613 /* FirebaseFirestoreSwift in Frameworks */ = {isa = PBXBuildFile; productRef = 6D5D6DEF280DC6E5002E2613 /* FirebaseFirestoreSwift */; };
		6D5D6DF3280DC92B002E2613 /* DatabaseProtocol.swift in Sources */ = {isa = PBXBuildFile; fileRef = 6D5D6DF2280DC92B002E2613 /* DatabaseProtocol.swift */; };
		6D5D6DF6280DCB5B002E2613 /* WelcomeViewController.swift in Sources */ = {isa = PBXBuildFile; fileRef = 6D5D6DF5280DCB5B002E2613 /* WelcomeViewController.swift */; };
		6D5D6DF8280DCB6B002E2613 /* UserAuthenticationViewController.swift in Sources */ = {isa = PBXBuildFile; fileRef = 6D5D6DF7280DCB6B002E2613 /* UserAuthenticationViewController.swift */; };
		6D5D6E01280DEA86002E2613 /* GoogleService-Info.plist in Resources */ = {isa = PBXBuildFile; fileRef = 6D5D6E00280DEA86002E2613 /* GoogleService-Info.plist */; };
		6D5D6E03280E7B90002E2613 /* HomeViewController.swift in Sources */ = {isa = PBXBuildFile; fileRef = 6D5D6E02280E7B90002E2613 /* HomeViewController.swift */; };
/* End PBXBuildFile section */

/* Begin PBXFileReference section */
		6D5D6DD3280DC244002E2613 /* Calo Track.app */ = {isa = PBXFileReference; explicitFileType = wrapper.application; includeInIndex = 0; path = "Calo Track.app"; sourceTree = BUILT_PRODUCTS_DIR; };
		6D5D6DD6280DC244002E2613 /* AppDelegate.swift */ = {isa = PBXFileReference; lastKnownFileType = sourcecode.swift; path = AppDelegate.swift; sourceTree = "<group>"; };
		6D5D6DD8280DC244002E2613 /* SceneDelegate.swift */ = {isa = PBXFileReference; lastKnownFileType = sourcecode.swift; path = SceneDelegate.swift; sourceTree = "<group>"; };
		6D5D6DDA280DC244002E2613 /* ViewController.swift */ = {isa = PBXFileReference; lastKnownFileType = sourcecode.swift; path = ViewController.swift; sourceTree = "<group>"; };
		6D5D6DDD280DC244002E2613 /* Base */ = {isa = PBXFileReference; lastKnownFileType = file.storyboard; name = Base; path = Base.lproj/Main.storyboard; sourceTree = "<group>"; };
		6D5D6DDF280DC249002E2613 /* Assets.xcassets */ = {isa = PBXFileReference; lastKnownFileType = folder.assetcatalog; path = Assets.xcassets; sourceTree = "<group>"; };
		6D5D6DE2280DC249002E2613 /* Base */ = {isa = PBXFileReference; lastKnownFileType = file.storyboard; name = Base; path = Base.lproj/LaunchScreen.storyboard; sourceTree = "<group>"; };
		6D5D6DE4280DC249002E2613 /* Info.plist */ = {isa = PBXFileReference; lastKnownFileType = text.plist.xml; path = Info.plist; sourceTree = "<group>"; };
		6D5D6DF2280DC92B002E2613 /* DatabaseProtocol.swift */ = {isa = PBXFileReference; lastKnownFileType = sourcecode.swift; path = DatabaseProtocol.swift; sourceTree = "<group>"; };
		6D5D6DF5280DCB5B002E2613 /* WelcomeViewController.swift */ = {isa = PBXFileReference; lastKnownFileType = sourcecode.swift; path = WelcomeViewController.swift; sourceTree = "<group>"; };
		6D5D6DF7280DCB6B002E2613 /* UserAuthenticationViewController.swift */ = {isa = PBXFileReference; lastKnownFileType = sourcecode.swift; path = UserAuthenticationViewController.swift; sourceTree = "<group>"; };
		6D5D6E00280DEA86002E2613 /* GoogleService-Info.plist */ = {isa = PBXFileReference; fileEncoding = 4; lastKnownFileType = text.plist.xml; name = "GoogleService-Info.plist"; path = "../../../../Downloads/GoogleService-Info.plist"; sourceTree = "<group>"; };
		6D5D6E02280E7B90002E2613 /* HomeViewController.swift */ = {isa = PBXFileReference; lastKnownFileType = sourcecode.swift; path = HomeViewController.swift; sourceTree = "<group>"; };
/* End PBXFileReference section */

/* Begin PBXFrameworksBuildPhase section */
		6D5D6DD0280DC244002E2613 /* Frameworks */ = {
			isa = PBXFrameworksBuildPhase;
			buildActionMask = 2147483647;
			files = (
				6D5D6DEC280DC6E5002E2613 /* FirebaseAuth in Frameworks */,
				6D5D6DEE280DC6E5002E2613 /* FirebaseFirestore in Frameworks */,
				6D5D6DF0280DC6E5002E2613 /* FirebaseFirestoreSwift in Frameworks */,
			);
			runOnlyForDeploymentPostprocessing = 0;
		};
/* End PBXFrameworksBuildPhase section */

/* Begin PBXGroup section */
		6D5D6DCA280DC244002E2613 = {
			isa = PBXGroup;
			children = (
				6D5D6DD5280DC244002E2613 /* Calo Track */,
				6D5D6DD4280DC244002E2613 /* Products */,
			);
			sourceTree = "<group>";
		};
		6D5D6DD4280DC244002E2613 /* Products */ = {
			isa = PBXGroup;
			children = (
				6D5D6DD3280DC244002E2613 /* Calo Track.app */,
			);
			name = Products;
			sourceTree = "<group>";
		};
		6D5D6DD5280DC244002E2613 /* Calo Track */ = {
			isa = PBXGroup;
			children = (
				6D5D6DF4280DCB2B002E2613 /* Controller */,
				6D5D6DF1280DC90C002E2613 /* Model */,
				6D5D6DD6280DC244002E2613 /* AppDelegate.swift */,
				6D5D6DD8280DC244002E2613 /* SceneDelegate.swift */,
				6D5D6DDA280DC244002E2613 /* ViewController.swift */,
				6D5D6DDC280DC244002E2613 /* Main.storyboard */,
				6D5D6DDF280DC249002E2613 /* Assets.xcassets */,
				6D5D6DE1280DC249002E2613 /* LaunchScreen.storyboard */,
				6D5D6E00280DEA86002E2613 /* GoogleService-Info.plist */,
				6D5D6DE4280DC249002E2613 /* Info.plist */,
			);
			path = "Calo Track";
			sourceTree = "<group>";
		};
		6D5D6DF1280DC90C002E2613 /* Model */ = {
			isa = PBXGroup;
			children = (
				6D5D6DF2280DC92B002E2613 /* DatabaseProtocol.swift */,
			);
			path = Model;
			sourceTree = "<group>";
		};
		6D5D6DF4280DCB2B002E2613 /* Controller */ = {
			isa = PBXGroup;
			children = (
				6D5D6DF5280DCB5B002E2613 /* WelcomeViewController.swift */,
				6D5D6DF7280DCB6B002E2613 /* UserAuthenticationViewController.swift */,
				6D5D6E02280E7B90002E2613 /* HomeViewController.swift */,
			);
			path = Controller;
			sourceTree = "<group>";
		};
/* End PBXGroup section */

/* Begin PBXNativeTarget section */
		6D5D6DD2280DC244002E2613 /* Calo Track */ = {
			isa = PBXNativeTarget;
			buildConfigurationList = 6D5D6DE7280DC249002E2613 /* Build configuration list for PBXNativeTarget "Calo Track" */;
			buildPhases = (
				6D5D6DCF280DC244002E2613 /* Sources */,
				6D5D6DD0280DC244002E2613 /* Frameworks */,
				6D5D6DD1280DC244002E2613 /* Resources */,
			);
			buildRules = (
			);
			dependencies = (
			);
			name = "Calo Track";
			packageProductDependencies = (
				6D5D6DEB280DC6E5002E2613 /* FirebaseAuth */,
				6D5D6DED280DC6E5002E2613 /* FirebaseFirestore */,
				6D5D6DEF280DC6E5002E2613 /* FirebaseFirestoreSwift */,
			);
			productName = "Calo Track";
			productReference = 6D5D6DD3280DC244002E2613 /* Calo Track.app */;
			productType = "com.apple.product-type.application";
		};
/* End PBXNativeTarget section */

/* Begin PBXProject section */
		6D5D6DCB280DC244002E2613 /* Project object */ = {
			isa = PBXProject;
			attributes = {
				BuildIndependentTargetsInParallel = 1;
				LastSwiftUpdateCheck = 1330;
				LastUpgradeCheck = 1330;
				TargetAttributes = {
					6D5D6DD2280DC244002E2613 = {
						CreatedOnToolsVersion = 13.3.1;
					};
				};
			};
			buildConfigurationList = 6D5D6DCE280DC244002E2613 /* Build configuration list for PBXProject "Calo Track" */;
			compatibilityVersion = "Xcode 13.0";
			developmentRegion = en;
			hasScannedForEncodings = 0;
			knownRegions = (
				en,
				Base,
			);
			mainGroup = 6D5D6DCA280DC244002E2613;
			packageReferences = (
				6D5D6DEA280DC6E5002E2613 /* XCRemoteSwiftPackageReference "firebase-ios-sdk" */,
			);
			productRefGroup = 6D5D6DD4280DC244002E2613 /* Products */;
			projectDirPath = "";
			projectRoot = "";
			targets = (
				6D5D6DD2280DC244002E2613 /* Calo Track */,
			);
		};
/* End PBXProject section */

/* Begin PBXResourcesBuildPhase section */
		6D5D6DD1280DC244002E2613 /* Resources */ = {
			isa = PBXResourcesBuildPhase;
			buildActionMask = 2147483647;
			files = (
				6D5D6DE3280DC249002E2613 /* LaunchScreen.storyboard in Resources */,
				6D5D6E01280DEA86002E2613 /* GoogleService-Info.plist in Resources */,
				6D5D6DE0280DC249002E2613 /* Assets.xcassets in Resources */,
				6D5D6DDE280DC244002E2613 /* Main.storyboard in Resources */,
			);
			runOnlyForDeploymentPostprocessing = 0;
		};
/* End PBXResourcesBuildPhase section */

/* Begin PBXSourcesBuildPhase section */
		6D5D6DCF280DC244002E2613 /* Sources */ = {
			isa = PBXSourcesBuildPhase;
			buildActionMask = 2147483647;
			files = (
				6D5D6DF3280DC92B002E2613 /* DatabaseProtocol.swift in Sources */,
				6D5D6DF6280DCB5B002E2613 /* WelcomeViewController.swift in Sources */,
				6D5D6DDB280DC244002E2613 /* ViewController.swift in Sources */,
				6D5D6DF8280DCB6B002E2613 /* UserAuthenticationViewController.swift in Sources */,
				6D5D6DD7280DC244002E2613 /* AppDelegate.swift in Sources */,
				6D5D6E03280E7B90002E2613 /* HomeViewController.swift in Sources */,
				6D5D6DD9280DC244002E2613 /* SceneDelegate.swift in Sources */,
			);
			runOnlyForDeploymentPostprocessing = 0;
		};
/* End PBXSourcesBuildPhase section */

/* Begin PBXVariantGroup section */
		6D5D6DDC280DC244002E2613 /* Main.storyboard */ = {
			isa = PBXVariantGroup;
			children = (
				6D5D6DDD280DC244002E2613 /* Base */,
			);
			name = Main.storyboard;
			sourceTree = "<group>";
		};
		6D5D6DE1280DC249002E2613 /* LaunchScreen.storyboard */ = {
			isa = PBXVariantGroup;
			children = (
				6D5D6DE2280DC249002E2613 /* Base */,
			);
			name = LaunchScreen.storyboard;
			sourceTree = "<group>";
		};
/* End PBXVariantGroup section */

/* Begin XCBuildConfiguration section */
		6D5D6DE5280DC249002E2613 /* Debug */ = {
			isa = XCBuildConfiguration;
			buildSettings = {
				ALWAYS_SEARCH_USER_PATHS = NO;
				CLANG_ANALYZER_NONNULL = YES;
				CLANG_ANALYZER_NUMBER_OBJECT_CONVERSION = YES_AGGRESSIVE;
				CLANG_CXX_LANGUAGE_STANDARD = "gnu++17";
				CLANG_ENABLE_MODULES = YES;
				CLANG_ENABLE_OBJC_ARC = YES;
				CLANG_ENABLE_OBJC_WEAK = YES;
				CLANG_WARN_BLOCK_CAPTURE_AUTORELEASING = YES;
				CLANG_WARN_BOOL_CONVERSION = YES;
				CLANG_WARN_COMMA = YES;
				CLANG_WARN_CONSTANT_CONVERSION = YES;
				CLANG_WARN_DEPRECATED_OBJC_IMPLEMENTATIONS = YES;
				CLANG_WARN_DIRECT_OBJC_ISA_USAGE = YES_ERROR;
				CLANG_WARN_DOCUMENTATION_COMMENTS = YES;
				CLANG_WARN_EMPTY_BODY = YES;
				CLANG_WARN_ENUM_CONVERSION = YES;
				CLANG_WARN_INFINITE_RECURSION = YES;
				CLANG_WARN_INT_CONVERSION = YES;
				CLANG_WARN_NON_LITERAL_NULL_CONVERSION = YES;
				CLANG_WARN_OBJC_IMPLICIT_RETAIN_SELF = YES;
				CLANG_WARN_OBJC_LITERAL_CONVERSION = YES;
				CLANG_WARN_OBJC_ROOT_CLASS = YES_ERROR;
				CLANG_WARN_QUOTED_INCLUDE_IN_FRAMEWORK_HEADER = YES;
				CLANG_WARN_RANGE_LOOP_ANALYSIS = YES;
				CLANG_WARN_STRICT_PROTOTYPES = YES;
				CLANG_WARN_SUSPICIOUS_MOVE = YES;
				CLANG_WARN_UNGUARDED_AVAILABILITY = YES_AGGRESSIVE;
				CLANG_WARN_UNREACHABLE_CODE = YES;
				CLANG_WARN__DUPLICATE_METHOD_MATCH = YES;
				COPY_PHASE_STRIP = NO;
				DEBUG_INFORMATION_FORMAT = dwarf;
				ENABLE_STRICT_OBJC_MSGSEND = YES;
				ENABLE_TESTABILITY = YES;
				GCC_C_LANGUAGE_STANDARD = gnu11;
				GCC_DYNAMIC_NO_PIC = NO;
				GCC_NO_COMMON_BLOCKS = YES;
				GCC_OPTIMIZATION_LEVEL = 0;
				GCC_PREPROCESSOR_DEFINITIONS = (
					"DEBUG=1",
					"$(inherited)",
				);
				GCC_WARN_64_TO_32_BIT_CONVERSION = YES;
				GCC_WARN_ABOUT_RETURN_TYPE = YES_ERROR;
				GCC_WARN_UNDECLARED_SELECTOR = YES;
				GCC_WARN_UNINITIALIZED_AUTOS = YES_AGGRESSIVE;
				GCC_WARN_UNUSED_FUNCTION = YES;
				GCC_WARN_UNUSED_VARIABLE = YES;
				IPHONEOS_DEPLOYMENT_TARGET = 15.4;
				MTL_ENABLE_DEBUG_INFO = INCLUDE_SOURCE;
				MTL_FAST_MATH = YES;
				ONLY_ACTIVE_ARCH = YES;
				SDKROOT = iphoneos;
				SWIFT_ACTIVE_COMPILATION_CONDITIONS = DEBUG;
				SWIFT_OPTIMIZATION_LEVEL = "-Onone";
			};
			name = Debug;
		};
		6D5D6DE6280DC249002E2613 /* Release */ = {
			isa = XCBuildConfiguration;
			buildSettings = {
				ALWAYS_SEARCH_USER_PATHS = NO;
				CLANG_ANALYZER_NONNULL = YES;
				CLANG_ANALYZER_NUMBER_OBJECT_CONVERSION = YES_AGGRESSIVE;
				CLANG_CXX_LANGUAGE_STANDARD = "gnu++17";
				CLANG_ENABLE_MODULES = YES;
				CLANG_ENABLE_OBJC_ARC = YES;
				CLANG_ENABLE_OBJC_WEAK = YES;
				CLANG_WARN_BLOCK_CAPTURE_AUTORELEASING = YES;
				CLANG_WARN_BOOL_CONVERSION = YES;
				CLANG_WARN_COMMA = YES;
				CLANG_WARN_CONSTANT_CONVERSION = YES;
				CLANG_WARN_DEPRECATED_OBJC_IMPLEMENTATIONS = YES;
				CLANG_WARN_DIRECT_OBJC_ISA_USAGE = YES_ERROR;
				CLANG_WARN_DOCUMENTATION_COMMENTS = YES;
				CLANG_WARN_EMPTY_BODY = YES;
				CLANG_WARN_ENUM_CONVERSION = YES;
				CLANG_WARN_INFINITE_RECURSION = YES;
				CLANG_WARN_INT_CONVERSION = YES;
				CLANG_WARN_NON_LITERAL_NULL_CONVERSION = YES;
				CLANG_WARN_OBJC_IMPLICIT_RETAIN_SELF = YES;
				CLANG_WARN_OBJC_LITERAL_CONVERSION = YES;
				CLANG_WARN_OBJC_ROOT_CLASS = YES_ERROR;
				CLANG_WARN_QUOTED_INCLUDE_IN_FRAMEWORK_HEADER = YES;
				CLANG_WARN_RANGE_LOOP_ANALYSIS = YES;
				CLANG_WARN_STRICT_PROTOTYPES = YES;
				CLANG_WARN_SUSPICIOUS_MOVE = YES;
				CLANG_WARN_UNGUARDED_AVAILABILITY = YES_AGGRESSIVE;
				CLANG_WARN_UNREACHABLE_CODE = YES;
				CLANG_WARN__DUPLICATE_METHOD_MATCH = YES;
				COPY_PHASE_STRIP = NO;
				DEBUG_INFORMATION_FORMAT = "dwarf-with-dsym";
				ENABLE_NS_ASSERTIONS = NO;
				ENABLE_STRICT_OBJC_MSGSEND = YES;
				GCC_C_LANGUAGE_STANDARD = gnu11;
				GCC_NO_COMMON_BLOCKS = YES;
				GCC_WARN_64_TO_32_BIT_CONVERSION = YES;
				GCC_WARN_ABOUT_RETURN_TYPE = YES_ERROR;
				GCC_WARN_UNDECLARED_SELECTOR = YES;
				GCC_WARN_UNINITIALIZED_AUTOS = YES_AGGRESSIVE;
				GCC_WARN_UNUSED_FUNCTION = YES;
				GCC_WARN_UNUSED_VARIABLE = YES;
				IPHONEOS_DEPLOYMENT_TARGET = 15.4;
				MTL_ENABLE_DEBUG_INFO = NO;
				MTL_FAST_MATH = YES;
				SDKROOT = iphoneos;
				SWIFT_COMPILATION_MODE = wholemodule;
				SWIFT_OPTIMIZATION_LEVEL = "-O";
				VALIDATE_PRODUCT = YES;
			};
			name = Release;
		};
		6D5D6DE8280DC249002E2613 /* Debug */ = {
			isa = XCBuildConfiguration;
			buildSettings = {
				ASSETCATALOG_COMPILER_APPICON_NAME = AppIcon;
				ASSETCATALOG_COMPILER_GLOBAL_ACCENT_COLOR_NAME = AccentColor;
				CODE_SIGN_STYLE = Automatic;
				CURRENT_PROJECT_VERSION = 1;
				GENERATE_INFOPLIST_FILE = YES;
				INFOPLIST_FILE = "Calo Track/Info.plist";
				INFOPLIST_KEY_UIApplicationSupportsIndirectInputEvents = YES;
				INFOPLIST_KEY_UILaunchStoryboardName = LaunchScreen;
				INFOPLIST_KEY_UIMainStoryboardFile = Main;
				INFOPLIST_KEY_UISupportedInterfaceOrientations_iPad = "UIInterfaceOrientationPortrait UIInterfaceOrientationPortraitUpsideDown UIInterfaceOrientationLandscapeLeft UIInterfaceOrientationLandscapeRight";
				INFOPLIST_KEY_UISupportedInterfaceOrientations_iPhone = "UIInterfaceOrientationPortrait UIInterfaceOrientationLandscapeLeft UIInterfaceOrientationLandscapeRight";
				LD_RUNPATH_SEARCH_PATHS = (
					"$(inherited)",
					"@executable_path/Frameworks",
				);
				MARKETING_VERSION = 1.0;
				PRODUCT_BUNDLE_IDENTIFIER = "edu.monash.Calo-Track";
				PRODUCT_NAME = "$(TARGET_NAME)";
				SWIFT_EMIT_LOC_STRINGS = YES;
				SWIFT_VERSION = 5.0;
				TARGETED_DEVICE_FAMILY = "1,2";
			};
			name = Debug;
		};
		6D5D6DE9280DC249002E2613 /* Release */ = {
			isa = XCBuildConfiguration;
			buildSettings = {
				ASSETCATALOG_COMPILER_APPICON_NAME = AppIcon;
				ASSETCATALOG_COMPILER_GLOBAL_ACCENT_COLOR_NAME = AccentColor;
				CODE_SIGN_STYLE = Automatic;
				CURRENT_PROJECT_VERSION = 1;
				GENERATE_INFOPLIST_FILE = YES;
				INFOPLIST_FILE = "Calo Track/Info.plist";
				INFOPLIST_KEY_UIApplicationSupportsIndirectInputEvents = YES;
				INFOPLIST_KEY_UILaunchStoryboardName = LaunchScreen;
				INFOPLIST_KEY_UIMainStoryboardFile = Main;
				INFOPLIST_KEY_UISupportedInterfaceOrientations_iPad = "UIInterfaceOrientationPortrait UIInterfaceOrientationPortraitUpsideDown UIInterfaceOrientationLandscapeLeft UIInterfaceOrientationLandscapeRight";
				INFOPLIST_KEY_UISupportedInterfaceOrientations_iPhone = "UIInterfaceOrientationPortrait UIInterfaceOrientationLandscapeLeft UIInterfaceOrientationLandscapeRight";
				LD_RUNPATH_SEARCH_PATHS = (
					"$(inherited)",
					"@executable_path/Frameworks",
				);
				MARKETING_VERSION = 1.0;
				PRODUCT_BUNDLE_IDENTIFIER = "edu.monash.Calo-Track";
				PRODUCT_NAME = "$(TARGET_NAME)";
				SWIFT_EMIT_LOC_STRINGS = YES;
				SWIFT_VERSION = 5.0;
				TARGETED_DEVICE_FAMILY = "1,2";
			};
			name = Release;
		};
/* End XCBuildConfiguration section */

/* Begin XCConfigurationList section */
		6D5D6DCE280DC244002E2613 /* Build configuration list for PBXProject "Calo Track" */ = {
			isa = XCConfigurationList;
			buildConfigurations = (
				6D5D6DE5280DC249002E2613 /* Debug */,
				6D5D6DE6280DC249002E2613 /* Release */,
			);
			defaultConfigurationIsVisible = 0;
			defaultConfigurationName = Release;
		};
		6D5D6DE7280DC249002E2613 /* Build configuration list for PBXNativeTarget "Calo Track" */ = {
			isa = XCConfigurationList;
			buildConfigurations = (
				6D5D6DE8280DC249002E2613 /* Debug */,
				6D5D6DE9280DC249002E2613 /* Release */,
			);
			defaultConfigurationIsVisible = 0;
			defaultConfigurationName = Release;
		};
/* End XCConfigurationList section */

/* Begin XCRemoteSwiftPackageReference section */
		6D5D6DEA280DC6E5002E2613 /* XCRemoteSwiftPackageReference "firebase-ios-sdk" */ = {
			isa = XCRemoteSwiftPackageReference;
			repositoryURL = "https://github.com/firebase/firebase-ios-sdk.git";
			requirement = {
				branch = master;
				kind = branch;
			};
		};
/* End XCRemoteSwiftPackageReference section */

/* Begin XCSwiftPackageProductDependency section */
		6D5D6DEB280DC6E5002E2613 /* FirebaseAuth */ = {
			isa = XCSwiftPackageProductDependency;
			package = 6D5D6DEA280DC6E5002E2613 /* XCRemoteSwiftPackageReference "firebase-ios-sdk" */;
			productName = FirebaseAuth;
		};
		6D5D6DED280DC6E5002E2613 /* FirebaseFirestore */ = {
			isa = XCSwiftPackageProductDependency;
			package = 6D5D6DEA280DC6E5002E2613 /* XCRemoteSwiftPackageReference "firebase-ios-sdk" */;
			productName = FirebaseFirestore;
		};
		6D5D6DEF280DC6E5002E2613 /* FirebaseFirestoreSwift */ = {
			isa = XCSwiftPackageProductDependency;
			package = 6D5D6DEA280DC6E5002E2613 /* XCRemoteSwiftPackageReference "firebase-ios-sdk" */;
			productName = FirebaseFirestoreSwift;
		};
/* End XCSwiftPackageProductDependency section */
	};
	rootObject = 6D5D6DCB280DC244002E2613 /* Project object */;
}
